
Microsoft Visual Studio Solution File, Format Version 12.00
# Visual Studio 15
VisualStudioVersion = 15.0.27130.2027
MinimumVisualStudioVersion = 10.0.40219.1
Project("{D954291E-2A0B-460D-934E-DC6B0785DB48}") = "DeathDungeon", "DeathDungeon.shproj", "{CB4B6986-1433-4120-A314-09DB1922CF8A}"
EndProject
Global
	GlobalSection(SharedMSBuildProjectFiles) = preSolution
		DeathDungeon.projitems*{cb4b6986-1433-4120-a314-09db1922cf8a}*SharedItemsImports = 13
	EndGlobalSection
	GlobalSection(SolutionProperties) = preSolution
		HideSolutionNode = FALSE
	EndGlobalSection
	GlobalSection(ExtensibilityGlobals) = postSolution
		SolutionGuid = {703E2170-0488-41B6-AC6F-6D2F14580DCC}
	EndGlobalSection
EndGlobal
